
Microsoft Visual Studio Solution File, Format Version 12.00
# Visual Studio Version 17
VisualStudioVersion = 17.14.36401.2 d17.14
MinimumVisualStudioVersion = 10.0.40219.1
Project("{8BC9CEB8-8B4A-11D0-8D11-00A0C91BC942}") = "webrtc_audio_test", "webrtc_audio_test.vcxproj", "{A261C491-F097-4077-B2E9-B161A1A5C35A}"
EndProject
Global
	GlobalSection(SolutionConfigurationPlatforms) = preSolution
		Debug|x64 = Debug|x64
		Debug|x86 = Debug|x86
		Release|x64 = Release|x64
		Release|x86 = Release|x86
	EndGlobalSection
	GlobalSection(ProjectConfigurationPlatforms) = postSolution
		{A261C491-F097-4077-B2E9-B161A1A5C35A}.Debug|x64.ActiveCfg = Debug|x64
		{A261C491-F097-4077-B2E9-B161A1A5C35A}.Debug|x64.Build.0 = Debug|x64
		{A261C491-F097-4077-B2E9-B161A1A5C35A}.Debug|x86.ActiveCfg = Debug|Win32
		{A261C491-F097-4077-B2E9-B161A1A5C35A}.Debug|x86.Build.0 = Debug|Win32
		{A261C491-F097-4077-B2E9-B161A1A5C35A}.Release|x64.ActiveCfg = Release|x64
		{A261C491-F097-4077-B2E9-B161A1A5C35A}.Release|x64.Build.0 = Release|x64
		{A261C491-F097-4077-B2E9-B161A1A5C35A}.Release|x86.ActiveCfg = Release|Win32
		{A261C491-F097-4077-B2E9-B161A1A5C35A}.Release|x86.Build.0 = Release|Win32
	EndGlobalSection
	GlobalSection(SolutionProperties) = preSolution
		HideSolutionNode = FALSE
	EndGlobalSection
	GlobalSection(ExtensibilityGlobals) = postSolution
		SolutionGuid = {6EA82852-658D-4ED7-9416-40FA64C684A9}
	EndGlobalSection
EndGlobal
